// !$*UTF8*$!
{
	archiveVersion = 1;
	classes = {
	};
	objectVersion = 46;
	objects = {

/* Begin PBXBuildFile section */
		ABBAA7561A110F7700AE84EB /* main.m in Sources */ = {isa = PBXBuildFile; fileRef = ABBAA7551A110F7700AE84EB /* main.m */; };
		ABBAA7591A110F7700AE84EB /* AppDelegate.m in Sources */ = {isa = PBXBuildFile; fileRef = ABBAA7581A110F7700AE84EB /* AppDelegate.m */; };
		ABBAA75C1A110F7700AE84EB /* ViewController.m in Sources */ = {isa = PBXBuildFile; fileRef = ABBAA75B1A110F7700AE84EB /* ViewController.m */; };
		ABBAA75F1A110F7700AE84EB /* Main.storyboard in Resources */ = {isa = PBXBuildFile; fileRef = ABBAA75D1A110F7700AE84EB /* Main.storyboard */; };
		ABBAA7611A110F7700AE84EB /* Images.xcassets in Resources */ = {isa = PBXBuildFile; fileRef = ABBAA7601A110F7700AE84EB /* Images.xcassets */; };
		ABBAA7641A110F7700AE84EB /* LaunchScreen.xib in Resources */ = {isa = PBXBuildFile; fileRef = ABBAA7621A110F7700AE84EB /* LaunchScreen.xib */; };
		ABBAA7701A110F7800AE84EB /* Hello_World2Tests.m in Sources */ = {isa = PBXBuildFile; fileRef = ABBAA76F1A110F7800AE84EB /* Hello_World2Tests.m */; };
/* End PBXBuildFile section */

/* Begin PBXContainerItemProxy section */
		ABBAA76A1A110F7800AE84EB /* PBXContainerItemProxy */ = {
			isa = PBXContainerItemProxy;
			containerPortal = ABBAA7481A110F7600AE84EB /* Project object */;
			proxyType = 1;
			remoteGlobalIDString = ABBAA74F1A110F7600AE84EB;
			remoteInfo = "Hello World2";
		};
/* End PBXContainerItemProxy section */

/* Begin PBXFileReference section */
		ABBAA7501A110F7700AE84EB /* Hello World2.app */ = {isa = PBXFileReference; explicitFileType = wrapper.application; includeInIndex = 0; path = "Hello World2.app"; sourceTree = BUILT_PRODUCTS_DIR; };
		ABBAA7541A110F7700AE84EB /* Info.plist */ = {isa = PBXFileReference; lastKnownFileType = text.plist.xml; path = Info.plist; sourceTree = "<group>"; };
		ABBAA7551A110F7700AE84EB /* main.m */ = {isa = PBXFileReference; lastKnownFileType = sourcecode.c.objc; path = main.m; sourceTree = "<group>"; };
		ABBAA7571A110F7700AE84EB /* AppDelegate.h */ = {isa = PBXFileReference; lastKnownFileType = sourcecode.c.h; path = AppDelegate.h; sourceTree = "<group>"; };
		ABBAA7581A110F7700AE84EB /* AppDelegate.m */ = {isa = PBXFileReference; lastKnownFileType = sourcecode.c.objc; path = AppDelegate.m; sourceTree = "<group>"; };
		ABBAA75A1A110F7700AE84EB /* ViewController.h */ = {isa = PBXFileReference; lastKnownFileType = sourcecode.c.h; path = ViewController.h; sourceTree = "<group>"; };
		ABBAA75B1A110F7700AE84EB /* ViewController.m */ = {isa = PBXFileReference; lastKnownFileType = sourcecode.c.objc; path = ViewController.m; sourceTree = "<group>"; };
		ABBAA75E1A110F7700AE84EB /* Base */ = {isa = PBXFileReference; lastKnownFileType = file.storyboard; name = Base; path = Base.lproj/Main.storyboard; sourceTree = "<group>"; };
		ABBAA7601A110F7700AE84EB /* Images.xcassets */ = {isa = PBXFileReference; lastKnownFileType = folder.assetcatalog; path = Images.xcassets; sourceTree = "<group>"; };
		ABBAA7631A110F7700AE84EB /* Base */ = {isa = PBXFileReference; lastKnownFileType = file.xib; name = Base; path = Base.lproj/LaunchScreen.xib; sourceTree = "<group>"; };
		ABBAA7691A110F7800AE84EB /* Hello World2Tests.xctest */ = {isa = PBXFileReference; explicitFileType = wrapper.cfbundle; includeInIndex = 0; path = "Hello World2Tests.xctest"; sourceTree = BUILT_PRODUCTS_DIR; };
		ABBAA76E1A110F7800AE84EB /* Info.plist */ = {isa = PBXFileReference; lastKnownFileType = text.plist.xml; path = Info.plist; sourceTree = "<group>"; };
		ABBAA76F1A110F7800AE84EB /* Hello_World2Tests.m */ = {isa = PBXFileReference; lastKnownFileType = sourcecode.c.objc; path = Hello_World2Tests.m; sourceTree = "<group>"; };
/* End PBXFileReference section */

/* Begin PBXFrameworksBuildPhase section */
		ABBAA74D1A110F7600AE84EB /* Frameworks */ = {
			isa = PBXFrameworksBuildPhase;
			buildActionMask = 2147483647;
			files = (
			);
			runOnlyForDeploymentPostprocessing = 0;
		};
		ABBAA7661A110F7800AE84EB /* Frameworks */ = {
			isa = PBXFrameworksBuildPhase;
			buildActionMask = 2147483647;
			files = (
			);
			runOnlyForDeploymentPostprocessing = 0;
		};
/* End PBXFrameworksBuildPhase section */

/* Begin PBXGroup section */
		ABBAA7471A110F7600AE84EB = {
			isa = PBXGroup;
			children = (
				ABBAA7521A110F7700AE84EB /* Hello World2 */,
				ABBAA76C1A110F7800AE84EB /* Hello World2Tests */,
				ABBAA7511A110F7700AE84EB /* Products */,
			);
			sourceTree = "<group>";
		};
		ABBAA7511A110F7700AE84EB /* Products */ = {
			isa = PBXGroup;
			children = (
				ABBAA7501A110F7700AE84EB /* Hello World2.app */,
				ABBAA7691A110F7800AE84EB /* Hello World2Tests.xctest */,
			);
			name = Products;
			sourceTree = "<group>";
		};
		ABBAA7521A110F7700AE84EB /* Hello World2 */ = {
			isa = PBXGroup;
			children = (
				ABBAA7571A110F7700AE84EB /* AppDelegate.h */,
				ABBAA7581A110F7700AE84EB /* AppDelegate.m */,
				ABBAA75A1A110F7700AE84EB /* ViewController.h */,
				ABBAA75B1A110F7700AE84EB /* ViewController.m */,
				ABBAA75D1A110F7700AE84EB /* Main.storyboard */,
				ABBAA7601A110F7700AE84EB /* Images.xcassets */,
				ABBAA7621A110F7700AE84EB /* LaunchScreen.xib */,
				ABBAA7531A110F7700AE84EB /* Supporting Files */,
			);
			path = "Hello World2";
			sourceTree = "<group>";
		};
		ABBAA7531A110F7700AE84EB /* Supporting Files */ = {
			isa = PBXGroup;
			children = (
				ABBAA7541A110F7700AE84EB /* Info.plist */,
				ABBAA7551A110F7700AE84EB /* main.m */,
			);
			name = "Supporting Files";
			sourceTree = "<group>";
		};
		ABBAA76C1A110F7800AE84EB /* Hello World2Tests */ = {
			isa = PBXGroup;
			children = (
				ABBAA76F1A110F7800AE84EB /* Hello_World2Tests.m */,
				ABBAA76D1A110F7800AE84EB /* Supporting Files */,
			);
			path = "Hello World2Tests";
			sourceTree = "<group>";
		};
		ABBAA76D1A110F7800AE84EB /* Supporting Files */ = {
			isa = PBXGroup;
			children = (
				ABBAA76E1A110F7800AE84EB /* Info.plist */,
			);
			name = "Supporting Files";
			sourceTree = "<group>";
		};
/* End PBXGroup section */

/* Begin PBXNativeTarget section */
		ABBAA74F1A110F7600AE84EB /* Hello World2 */ = {
			isa = PBXNativeTarget;
			buildConfigurationList = ABBAA7731A110F7800AE84EB /* Build configuration list for PBXNativeTarget "Hello World2" */;
			buildPhases = (
				ABBAA74C1A110F7600AE84EB /* Sources */,
				ABBAA74D1A110F7600AE84EB /* Frameworks */,
				ABBAA74E1A110F7600AE84EB /* Resources */,
			);
			buildRules = (
			);
			dependencies = (
			);
			name = "Hello World2";
			productName = "Hello World2";
			productReference = ABBAA7501A110F7700AE84EB /* Hello World2.app */;
			productType = "com.apple.product-type.application";
		};
		ABBAA7681A110F7800AE84EB /* Hello World2Tests */ = {
			isa = PBXNativeTarget;
			buildConfigurationList = ABBAA7761A110F7800AE84EB /* Build configuration list for PBXNativeTarget "Hello World2Tests" */;
			buildPhases = (
				ABBAA7651A110F7800AE84EB /* Sources */,
				ABBAA7661A110F7800AE84EB /* Frameworks */,
				ABBAA7671A110F7800AE84EB /* Resources */,
			);
			buildRules = (
			);
			dependencies = (
				ABBAA76B1A110F7800AE84EB /* PBXTargetDependency */,
			);
			name = "Hello World2Tests";
			productName = "Hello World2Tests";
			productReference = ABBAA7691A110F7800AE84EB /* Hello World2Tests.xctest */;
			productType = "com.apple.product-type.bundle.unit-test";
		};
/* End PBXNativeTarget section */

/* Begin PBXProject section */
		ABBAA7481A110F7600AE84EB /* Project object */ = {
			isa = PBXProject;
			attributes = {
				LastUpgradeCheck = 0600;
				ORGANIZATIONNAME = "Germán L. Rojas Muñoz.";
				TargetAttributes = {
					ABBAA74F1A110F7600AE84EB = {
						CreatedOnToolsVersion = 6.0.1;
					};
					ABBAA7681A110F7800AE84EB = {
						CreatedOnToolsVersion = 6.0.1;
						TestTargetID = ABBAA74F1A110F7600AE84EB;
					};
				};
			};
			buildConfigurationList = ABBAA74B1A110F7600AE84EB /* Build configuration list for PBXProject "Hello World2" */;
			compatibilityVersion = "Xcode 3.2";
			developmentRegion = English;
			hasScannedForEncodings = 0;
			knownRegions = (
				en,
				Base,
			);
			mainGroup = ABBAA7471A110F7600AE84EB;
			productRefGroup = ABBAA7511A110F7700AE84EB /* Products */;
			projectDirPath = "";
			projectRoot = "";
			targets = (
				ABBAA74F1A110F7600AE84EB /* Hello World2 */,
				ABBAA7681A110F7800AE84EB /* Hello World2Tests */,
			);
		};
/* End PBXProject section */

/* Begin PBXResourcesBuildPhase section */
		ABBAA74E1A110F7600AE84EB /* Resources */ = {
			isa = PBXResourcesBuildPhase;
			buildActionMask = 2147483647;
			files = (
				ABBAA75F1A110F7700AE84EB /* Main.storyboard in Resources */,
				ABBAA7641A110F7700AE84EB /* LaunchScreen.xib in Resources */,
				ABBAA7611A110F7700AE84EB /* Images.xcassets in Resources */,
			);
			runOnlyForDeploymentPostprocessing = 0;
		};
		ABBAA7671A110F7800AE84EB /* Resources */ = {
			isa = PBXResourcesBuildPhase;
			buildActionMask = 2147483647;
			files = (
			);
			runOnlyForDeploymentPostprocessing = 0;
		};
/* End PBXResourcesBuildPhase section */

/* Begin PBXSourcesBuildPhase section */
		ABBAA74C1A110F7600AE84EB /* Sources */ = {
			isa = PBXSourcesBuildPhase;
			buildActionMask = 2147483647;
			files = (
				ABBAA75C1A110F7700AE84EB /* ViewController.m in Sources */,
				ABBAA7591A110F7700AE84EB /* AppDelegate.m in Sources */,
				ABBAA7561A110F7700AE84EB /* main.m in Sources */,
			);
			runOnlyForDeploymentPostprocessing = 0;
		};
		ABBAA7651A110F7800AE84EB /* Sources */ = {
			isa = PBXSourcesBuildPhase;
			buildActionMask = 2147483647;
			files = (
				ABBAA7701A110F7800AE84EB /* Hello_World2Tests.m in Sources */,
			);
			runOnlyForDeploymentPostprocessing = 0;
		};
/* End PBXSourcesBuildPhase section */

/* Begin PBXTargetDependency section */
		ABBAA76B1A110F7800AE84EB /* PBXTargetDependency */ = {
			isa = PBXTargetDependency;
			target = ABBAA74F1A110F7600AE84EB /* Hello World2 */;
			targetProxy = ABBAA76A1A110F7800AE84EB /* PBXContainerItemProxy */;
		};
/* End PBXTargetDependency section */

/* Begin PBXVariantGroup section */
		ABBAA75D1A110F7700AE84EB /* Main.storyboard */ = {
			isa = PBXVariantGroup;
			children = (
				ABBAA75E1A110F7700AE84EB /* Base */,
			);
			name = Main.storyboard;
			sourceTree = "<group>";
		};
		ABBAA7621A110F7700AE84EB /* LaunchScreen.xib */ = {
			isa = PBXVariantGroup;
			children = (
				ABBAA7631A110F7700AE84EB /* Base */,
			);
			name = LaunchScreen.xib;
			sourceTree = "<group>";
		};
/* End PBXVariantGroup section */

/* Begin XCBuildConfiguration section */
		ABBAA7711A110F7800AE84EB /* Debug */ = {
			isa = XCBuildConfiguration;
			buildSettings = {
				ALWAYS_SEARCH_USER_PATHS = NO;
				CLANG_CXX_LANGUAGE_STANDARD = "gnu++0x";
				CLANG_CXX_LIBRARY = "libc++";
				CLANG_ENABLE_MODULES = YES;
				CLANG_ENABLE_OBJC_ARC = YES;
				CLANG_WARN_BOOL_CONVERSION = YES;
				CLANG_WARN_CONSTANT_CONVERSION = YES;
				CLANG_WARN_DIRECT_OBJC_ISA_USAGE = YES_ERROR;
				CLANG_WARN_EMPTY_BODY = YES;
				CLANG_WARN_ENUM_CONVERSION = YES;
				CLANG_WARN_INT_CONVERSION = YES;
				CLANG_WARN_OBJC_ROOT_CLASS = YES_ERROR;
				CLANG_WARN_UNREACHABLE_CODE = YES;
				CLANG_WARN__DUPLICATE_METHOD_MATCH = YES;
				"CODE_SIGN_IDENTITY[sdk=iphoneos*]" = "iPhone Developer";
				COPY_PHASE_STRIP = NO;
				ENABLE_STRICT_OBJC_MSGSEND = YES;
				GCC_C_LANGUAGE_STANDARD = gnu99;
				GCC_DYNAMIC_NO_PIC = NO;
				GCC_OPTIMIZATION_LEVEL = 0;
				GCC_PREPROCESSOR_DEFINITIONS = (
					"DEBUG=1",
					"$(inherited)",
				);
				GCC_SYMBOLS_PRIVATE_EXTERN = NO;
				GCC_WARN_64_TO_32_BIT_CONVERSION = YES;
				GCC_WARN_ABOUT_RETURN_TYPE = YES_ERROR;
				GCC_WARN_UNDECLARED_SELECTOR = YES;
				GCC_WARN_UNINITIALIZED_AUTOS = YES_AGGRESSIVE;
				GCC_WARN_UNUSED_FUNCTION = YES;
				GCC_WARN_UNUSED_VARIABLE = YES;
				IPHONEOS_DEPLOYMENT_TARGET = 8.0;
				MTL_ENABLE_DEBUG_INFO = YES;
				ONLY_ACTIVE_ARCH = YES;
				SDKROOT = iphoneos;
			};
			name = Debug;
		};
		ABBAA7721A110F7800AE84EB /* Release */ = {
			isa = XCBuildConfiguration;
			buildSettings = {
				ALWAYS_SEARCH_USER_PATHS = NO;
				CLANG_CXX_LANGUAGE_STANDARD = "gnu++0x";
				CLANG_CXX_LIBRARY = "libc++";
				CLANG_ENABLE_MODULES = YES;
				CLANG_ENABLE_OBJC_ARC = YES;
				CLANG_WARN_BOOL_CONVERSION = YES;
				CLANG_WARN_CONSTANT_CONVERSION = YES;
				CLANG_WARN_DIRECT_OBJC_ISA_USAGE = YES_ERROR;
				CLANG_WARN_EMPTY_BODY = YES;
				CLANG_WARN_ENUM_CONVERSION = YES;
				CLANG_WARN_INT_CONVERSION = YES;
				CLANG_WARN_OBJC_ROOT_CLASS = YES_ERROR;
				CLANG_WARN_UNREACHABLE_CODE = YES;
				CLANG_WARN__DUPLICATE_METHOD_MATCH = YES;
				"CODE_SIGN_IDENTITY[sdk=iphoneos*]" = "iPhone Developer";
				COPY_PHASE_STRIP = YES;
				ENABLE_NS_ASSERTIONS = NO;
				ENABLE_STRICT_OBJC_MSGSEND = YES;
				GCC_C_LANGUAGE_STANDARD = gnu99;
				GCC_WARN_64_TO_32_BIT_CONVERSION = YES;
				GCC_WARN_ABOUT_RETURN_TYPE = YES_ERROR;
				GCC_WARN_UNDECLARED_SELECTOR = YES;
				GCC_WARN_UNINITIALIZED_AUTOS = YES_AGGRESSIVE;
				GCC_WARN_UNUSED_FUNCTION = YES;
				GCC_WARN_UNUSED_VARIABLE = YES;
				IPHONEOS_DEPLOYMENT_TARGET = 8.0;
				MTL_ENABLE_DEBUG_INFO = NO;
				SDKROOT = iphoneos;
				VALIDATE_PRODUCT = YES;
			};
			name = Release;
		};
		ABBAA7741A110F7800AE84EB /* Debug */ = {
			isa = XCBuildConfiguration;
			buildSettings = {
				ASSETCATALOG_COMPILER_APPICON_NAME = AppIcon;
				INFOPLIST_FILE = "Hello World2/Info.plist";
				LD_RUNPATH_SEARCH_PATHS = "$(inherited) @executable_path/Frameworks";
				PRODUCT_NAME = "$(TARGET_NAME)";
			};
			name = Debug;
		};
		ABBAA7751A110F7800AE84EB /* Release */ = {
			isa = XCBuildConfiguration;
			buildSettings = {
				ASSETCATALOG_COMPILER_APPICON_NAME = AppIcon;
				INFOPLIST_FILE = "Hello World2/Info.plist";
				LD_RUNPATH_SEARCH_PATHS = "$(inherited) @executable_path/Frameworks";
				PRODUCT_NAME = "$(TARGET_NAME)";
			};
			name = Release;
		};
		ABBAA7771A110F7800AE84EB /* Debug */ = {
			isa = XCBuildConfiguration;
			buildSettings = {
				BUNDLE_LOADER = "$(TEST_HOST)";
				FRAMEWORK_SEARCH_PATHS = (
					"$(SDKROOT)/Developer/Library/Frameworks",
					"$(inherited)",
				);
				GCC_PREPROCESSOR_DEFINITIONS = (
					"DEBUG=1",
					"$(inherited)",
				);
				INFOPLIST_FILE = "Hello World2Tests/Info.plist";
				LD_RUNPATH_SEARCH_PATHS = "$(inherited) @executable_path/Frameworks @loader_path/Frameworks";
				PRODUCT_NAME = "$(TARGET_NAME)";
				TEST_HOST = "$(BUILT_PRODUCTS_DIR)/Hello World2.app/Hello World2";
			};
			name = Debug;
		};
		ABBAA7781A110F7800AE84EB /* Release */ = {
			isa = XCBuildConfiguration;
			buildSettings = {
				BUNDLE_LOADER = "$(TEST_HOST)";
				FRAMEWORK_SEARCH_PATHS = (
					"$(SDKROOT)/Developer/Library/Frameworks",
					"$(inherited)",
				);
				INFOPLIST_FILE = "Hello World2Tests/Info.plist";
				LD_RUNPATH_SEARCH_PATHS = "$(inherited) @executable_path/Frameworks @loader_path/Frameworks";
				PRODUCT_NAME = "$(TARGET_NAME)";
				TEST_HOST = "$(BUILT_PRODUCTS_DIR)/Hello World2.app/Hello World2";
			};
			name = Release;
		};
/* End XCBuildConfiguration section */

/* Begin XCConfigurationList section */
		ABBAA74B1A110F7600AE84EB /* Build configuration list for PBXProject "Hello World2" */ = {
			isa = XCConfigurationList;
			buildConfigurations = (
				ABBAA7711A110F7800AE84EB /* Debug */,
				ABBAA7721A110F7800AE84EB /* Release */,
			);
			defaultConfigurationIsVisible = 0;
			defaultConfigurationName = Release;
		};
		ABBAA7731A110F7800AE84EB /* Build configuration list for PBXNativeTarget "Hello World2" */ = {
			isa = XCConfigurationList;
			buildConfigurations = (
				ABBAA7741A110F7800AE84EB /* Debug */,
				ABBAA7751A110F7800AE84EB /* Release */,
			);
			defaultConfigurationIsVisible = 0;
		};
		ABBAA7761A110F7800AE84EB /* Build configuration list for PBXNativeTarget "Hello World2Tests" */ = {
			isa = XCConfigurationList;
			buildConfigurations = (
				ABBAA7771A110F7800AE84EB /* Debug */,
				ABBAA7781A110F7800AE84EB /* Release */,
			);
			defaultConfigurationIsVisible = 0;
		};
/* End XCConfigurationList section */
	};
	rootObject = ABBAA7481A110F7600AE84EB /* Project object */;
}
