// !$*UTF8*$!
{
	archiveVersion = 1;
	classes = {
	};
	objectVersion = 46;
	objects = {

/* Begin PBXBuildFile section */
		ABC8E8331A1054C20048B71E /* main.m in Sources */ = {isa = PBXBuildFile; fileRef = ABC8E8321A1054C20048B71E /* main.m */; };
		ABC8E8361A1054C20048B71E /* AppDelegate.m in Sources */ = {isa = PBXBuildFile; fileRef = ABC8E8351A1054C20048B71E /* AppDelegate.m */; };
		ABC8E8391A1054C20048B71E /* ViewController.m in Sources */ = {isa = PBXBuildFile; fileRef = ABC8E8381A1054C20048B71E /* ViewController.m */; };
		ABC8E83C1A1054C20048B71E /* Main.storyboard in Resources */ = {isa = PBXBuildFile; fileRef = ABC8E83A1A1054C20048B71E /* Main.storyboard */; };
		ABC8E83E1A1054C20048B71E /* Images.xcassets in Resources */ = {isa = PBXBuildFile; fileRef = ABC8E83D1A1054C20048B71E /* Images.xcassets */; };
		ABC8E84D1A1054C20048B71E /* Hello_WorldTests.m in Sources */ = {isa = PBXBuildFile; fileRef = ABC8E84C1A1054C20048B71E /* Hello_WorldTests.m */; };
		ABC8E8571A1058FA0048B71E /* LaunchScreen.xib in Resources */ = {isa = PBXBuildFile; fileRef = ABC8E83F1A1054C20048B71E /* LaunchScreen.xib */; };
		ABC8E85B1A105EE50048B71E /* LaunchScreen.xib in Resources */ = {isa = PBXBuildFile; fileRef = ABC8E83F1A1054C20048B71E /* LaunchScreen.xib */; };
/* End PBXBuildFile section */

/* Begin PBXContainerItemProxy section */
		ABC8E8471A1054C20048B71E /* PBXContainerItemProxy */ = {
			isa = PBXContainerItemProxy;
			containerPortal = ABC8E8251A1054C10048B71E /* Project object */;
			proxyType = 1;
			remoteGlobalIDString = ABC8E82C1A1054C10048B71E;
			remoteInfo = "Hello World";
		};
/* End PBXContainerItemProxy section */

/* Begin PBXFileReference section */
		ABC8E82D1A1054C20048B71E /* Hello World.app */ = {isa = PBXFileReference; explicitFileType = wrapper.application; includeInIndex = 0; path = "Hello World.app"; sourceTree = BUILT_PRODUCTS_DIR; };
		ABC8E8311A1054C20048B71E /* Info.plist */ = {isa = PBXFileReference; lastKnownFileType = text.plist.xml; path = Info.plist; sourceTree = "<group>"; };
		ABC8E8321A1054C20048B71E /* main.m */ = {isa = PBXFileReference; lastKnownFileType = sourcecode.c.objc; path = main.m; sourceTree = "<group>"; };
		ABC8E8341A1054C20048B71E /* AppDelegate.h */ = {isa = PBXFileReference; lastKnownFileType = sourcecode.c.h; path = AppDelegate.h; sourceTree = "<group>"; };
		ABC8E8351A1054C20048B71E /* AppDelegate.m */ = {isa = PBXFileReference; lastKnownFileType = sourcecode.c.objc; path = AppDelegate.m; sourceTree = "<group>"; };
		ABC8E8371A1054C20048B71E /* ViewController.h */ = {isa = PBXFileReference; lastKnownFileType = sourcecode.c.h; path = ViewController.h; sourceTree = "<group>"; };
		ABC8E8381A1054C20048B71E /* ViewController.m */ = {isa = PBXFileReference; lastKnownFileType = sourcecode.c.objc; path = ViewController.m; sourceTree = "<group>"; };
		ABC8E83B1A1054C20048B71E /* Base */ = {isa = PBXFileReference; lastKnownFileType = file.storyboard; name = Base; path = Base.lproj/Main.storyboard; sourceTree = "<group>"; };
		ABC8E83D1A1054C20048B71E /* Images.xcassets */ = {isa = PBXFileReference; lastKnownFileType = folder.assetcatalog; path = Images.xcassets; sourceTree = "<group>"; };
		ABC8E8401A1054C20048B71E /* Base */ = {isa = PBXFileReference; lastKnownFileType = file.xib; name = Base; path = Base.lproj/LaunchScreen.xib; sourceTree = "<group>"; };
		ABC8E8461A1054C20048B71E /* Hello WorldTests.xctest */ = {isa = PBXFileReference; explicitFileType = wrapper.cfbundle; includeInIndex = 0; path = "Hello WorldTests.xctest"; sourceTree = BUILT_PRODUCTS_DIR; };
		ABC8E84B1A1054C20048B71E /* Info.plist */ = {isa = PBXFileReference; lastKnownFileType = text.plist.xml; path = Info.plist; sourceTree = "<group>"; };
		ABC8E84C1A1054C20048B71E /* Hello_WorldTests.m */ = {isa = PBXFileReference; lastKnownFileType = sourcecode.c.objc; path = Hello_WorldTests.m; sourceTree = "<group>"; };
/* End PBXFileReference section */

/* Begin PBXFrameworksBuildPhase section */
		ABC8E82A1A1054C10048B71E /* Frameworks */ = {
			isa = PBXFrameworksBuildPhase;
			buildActionMask = 2147483647;
			files = (
			);
			runOnlyForDeploymentPostprocessing = 0;
		};
		ABC8E8431A1054C20048B71E /* Frameworks */ = {
			isa = PBXFrameworksBuildPhase;
			buildActionMask = 2147483647;
			files = (
			);
			runOnlyForDeploymentPostprocessing = 0;
		};
/* End PBXFrameworksBuildPhase section */

/* Begin PBXGroup section */
		ABC8E8241A1054C10048B71E = {
			isa = PBXGroup;
			children = (
				ABC8E82F1A1054C20048B71E /* Hello World */,
				ABC8E8491A1054C20048B71E /* Hello WorldTests */,
				ABC8E82E1A1054C20048B71E /* Products */,
			);
			sourceTree = "<group>";
		};
		ABC8E82E1A1054C20048B71E /* Products */ = {
			isa = PBXGroup;
			children = (
				ABC8E82D1A1054C20048B71E /* Hello World.app */,
				ABC8E8461A1054C20048B71E /* Hello WorldTests.xctest */,
			);
			name = Products;
			sourceTree = "<group>";
		};
		ABC8E82F1A1054C20048B71E /* Hello World */ = {
			isa = PBXGroup;
			children = (
				ABC8E8341A1054C20048B71E /* AppDelegate.h */,
				ABC8E8351A1054C20048B71E /* AppDelegate.m */,
				ABC8E8371A1054C20048B71E /* ViewController.h */,
				ABC8E8381A1054C20048B71E /* ViewController.m */,
				ABC8E83A1A1054C20048B71E /* Main.storyboard */,
				ABC8E83D1A1054C20048B71E /* Images.xcassets */,
				ABC8E83F1A1054C20048B71E /* LaunchScreen.xib */,
				ABC8E8301A1054C20048B71E /* Supporting Files */,
			);
			path = "Hello World";
			sourceTree = "<group>";
		};
		ABC8E8301A1054C20048B71E /* Supporting Files */ = {
			isa = PBXGroup;
			children = (
				ABC8E8311A1054C20048B71E /* Info.plist */,
				ABC8E8321A1054C20048B71E /* main.m */,
			);
			name = "Supporting Files";
			sourceTree = "<group>";
		};
		ABC8E8491A1054C20048B71E /* Hello WorldTests */ = {
			isa = PBXGroup;
			children = (
				ABC8E84C1A1054C20048B71E /* Hello_WorldTests.m */,
				ABC8E84A1A1054C20048B71E /* Supporting Files */,
			);
			path = "Hello WorldTests";
			sourceTree = "<group>";
		};
		ABC8E84A1A1054C20048B71E /* Supporting Files */ = {
			isa = PBXGroup;
			children = (
				ABC8E84B1A1054C20048B71E /* Info.plist */,
			);
			name = "Supporting Files";
			sourceTree = "<group>";
		};
/* End PBXGroup section */

/* Begin PBXNativeTarget section */
		ABC8E82C1A1054C10048B71E /* Hello World */ = {
			isa = PBXNativeTarget;
			buildConfigurationList = ABC8E8501A1054C20048B71E /* Build configuration list for PBXNativeTarget "Hello World" */;
			buildPhases = (
				ABC8E8291A1054C10048B71E /* Sources */,
				ABC8E82A1A1054C10048B71E /* Frameworks */,
				ABC8E82B1A1054C10048B71E /* Resources */,
			);
			buildRules = (
			);
			dependencies = (
			);
			name = "Hello World";
			productName = "Hello World";
			productReference = ABC8E82D1A1054C20048B71E /* Hello World.app */;
			productType = "com.apple.product-type.application";
		};
		ABC8E8451A1054C20048B71E /* Hello WorldTests */ = {
			isa = PBXNativeTarget;
			buildConfigurationList = ABC8E8531A1054C20048B71E /* Build configuration list for PBXNativeTarget "Hello WorldTests" */;
			buildPhases = (
				ABC8E8421A1054C20048B71E /* Sources */,
				ABC8E8431A1054C20048B71E /* Frameworks */,
				ABC8E8441A1054C20048B71E /* Resources */,
			);
			buildRules = (
			);
			dependencies = (
				ABC8E8481A1054C20048B71E /* PBXTargetDependency */,
			);
			name = "Hello WorldTests";
			productName = "Hello WorldTests";
			productReference = ABC8E8461A1054C20048B71E /* Hello WorldTests.xctest */;
			productType = "com.apple.product-type.bundle.unit-test";
		};
/* End PBXNativeTarget section */

/* Begin PBXProject section */
		ABC8E8251A1054C10048B71E /* Project object */ = {
			isa = PBXProject;
			attributes = {
				LastUpgradeCheck = 0600;
				ORGANIZATIONNAME = "Germán L. Rojas Muñoz.";
				TargetAttributes = {
					ABC8E82C1A1054C10048B71E = {
						CreatedOnToolsVersion = 6.0.1;
					};
					ABC8E8451A1054C20048B71E = {
						CreatedOnToolsVersion = 6.0.1;
						TestTargetID = ABC8E82C1A1054C10048B71E;
					};
				};
			};
			buildConfigurationList = ABC8E8281A1054C10048B71E /* Build configuration list for PBXProject "Hello World" */;
			compatibilityVersion = "Xcode 3.2";
			developmentRegion = English;
			hasScannedForEncodings = 0;
			knownRegions = (
				en,
				Base,
			);
			mainGroup = ABC8E8241A1054C10048B71E;
			productRefGroup = ABC8E82E1A1054C20048B71E /* Products */;
			projectDirPath = "";
			projectRoot = "";
			targets = (
				ABC8E82C1A1054C10048B71E /* Hello World */,
				ABC8E8451A1054C20048B71E /* Hello WorldTests */,
			);
		};
/* End PBXProject section */

/* Begin PBXResourcesBuildPhase section */
		ABC8E82B1A1054C10048B71E /* Resources */ = {
			isa = PBXResourcesBuildPhase;
			buildActionMask = 2147483647;
			files = (
				ABC8E83C1A1054C20048B71E /* Main.storyboard in Resources */,
				ABC8E8571A1058FA0048B71E /* LaunchScreen.xib in Resources */,
				ABC8E83E1A1054C20048B71E /* Images.xcassets in Resources */,
			);
			runOnlyForDeploymentPostprocessing = 0;
		};
		ABC8E8441A1054C20048B71E /* Resources */ = {
			isa = PBXResourcesBuildPhase;
			buildActionMask = 2147483647;
			files = (
				ABC8E85B1A105EE50048B71E /* LaunchScreen.xib in Resources */,
			);
			runOnlyForDeploymentPostprocessing = 0;
		};
/* End PBXResourcesBuildPhase section */

/* Begin PBXSourcesBuildPhase section */
		ABC8E8291A1054C10048B71E /* Sources */ = {
			isa = PBXSourcesBuildPhase;
			buildActionMask = 2147483647;
			files = (
				ABC8E8391A1054C20048B71E /* ViewController.m in Sources */,
				ABC8E8361A1054C20048B71E /* AppDelegate.m in Sources */,
				ABC8E8331A1054C20048B71E /* main.m in Sources */,
			);
			runOnlyForDeploymentPostprocessing = 0;
		};
		ABC8E8421A1054C20048B71E /* Sources */ = {
			isa = PBXSourcesBuildPhase;
			buildActionMask = 2147483647;
			files = (
				ABC8E84D1A1054C20048B71E /* Hello_WorldTests.m in Sources */,
			);
			runOnlyForDeploymentPostprocessing = 0;
		};
/* End PBXSourcesBuildPhase section */

/* Begin PBXTargetDependency section */
		ABC8E8481A1054C20048B71E /* PBXTargetDependency */ = {
			isa = PBXTargetDependency;
			target = ABC8E82C1A1054C10048B71E /* Hello World */;
			targetProxy = ABC8E8471A1054C20048B71E /* PBXContainerItemProxy */;
		};
/* End PBXTargetDependency section */

/* Begin PBXVariantGroup section */
		ABC8E83A1A1054C20048B71E /* Main.storyboard */ = {
			isa = PBXVariantGroup;
			children = (
				ABC8E83B1A1054C20048B71E /* Base */,
			);
			name = Main.storyboard;
			sourceTree = "<group>";
		};
		ABC8E83F1A1054C20048B71E /* LaunchScreen.xib */ = {
			isa = PBXVariantGroup;
			children = (
				ABC8E8401A1054C20048B71E /* Base */,
			);
			name = LaunchScreen.xib;
			sourceTree = "<group>";
		};
/* End PBXVariantGroup section */

/* Begin XCBuildConfiguration section */
		ABC8E84E1A1054C20048B71E /* Debug */ = {
			isa = XCBuildConfiguration;
			buildSettings = {
				ALWAYS_SEARCH_USER_PATHS = NO;
				CLANG_CXX_LANGUAGE_STANDARD = "gnu++0x";
				CLANG_CXX_LIBRARY = "libc++";
				CLANG_ENABLE_MODULES = YES;
				CLANG_ENABLE_OBJC_ARC = YES;
				CLANG_WARN_BOOL_CONVERSION = YES;
				CLANG_WARN_CONSTANT_CONVERSION = YES;
				CLANG_WARN_DIRECT_OBJC_ISA_USAGE = YES_ERROR;
				CLANG_WARN_EMPTY_BODY = YES;
				CLANG_WARN_ENUM_CONVERSION = YES;
				CLANG_WARN_INT_CONVERSION = YES;
				CLANG_WARN_OBJC_ROOT_CLASS = YES_ERROR;
				CLANG_WARN_UNREACHABLE_CODE = YES;
				CLANG_WARN__DUPLICATE_METHOD_MATCH = YES;
				"CODE_SIGN_IDENTITY[sdk=iphoneos*]" = "iPhone Developer";
				COPY_PHASE_STRIP = NO;
				ENABLE_STRICT_OBJC_MSGSEND = YES;
				GCC_C_LANGUAGE_STANDARD = gnu99;
				GCC_DYNAMIC_NO_PIC = NO;
				GCC_OPTIMIZATION_LEVEL = 0;
				GCC_PREPROCESSOR_DEFINITIONS = (
					"DEBUG=1",
					"$(inherited)",
				);
				GCC_SYMBOLS_PRIVATE_EXTERN = NO;
				GCC_WARN_64_TO_32_BIT_CONVERSION = YES;
				GCC_WARN_ABOUT_RETURN_TYPE = YES_ERROR;
				GCC_WARN_UNDECLARED_SELECTOR = YES;
				GCC_WARN_UNINITIALIZED_AUTOS = YES_AGGRESSIVE;
				GCC_WARN_UNUSED_FUNCTION = YES;
				GCC_WARN_UNUSED_VARIABLE = YES;
				IPHONEOS_DEPLOYMENT_TARGET = 8.0;
				MTL_ENABLE_DEBUG_INFO = YES;
				ONLY_ACTIVE_ARCH = YES;
				SDKROOT = iphoneos;
			};
			name = Debug;
		};
		ABC8E84F1A1054C20048B71E /* Release */ = {
			isa = XCBuildConfiguration;
			buildSettings = {
				ALWAYS_SEARCH_USER_PATHS = NO;
				CLANG_CXX_LANGUAGE_STANDARD = "gnu++0x";
				CLANG_CXX_LIBRARY = "libc++";
				CLANG_ENABLE_MODULES = YES;
				CLANG_ENABLE_OBJC_ARC = YES;
				CLANG_WARN_BOOL_CONVERSION = YES;
				CLANG_WARN_CONSTANT_CONVERSION = YES;
				CLANG_WARN_DIRECT_OBJC_ISA_USAGE = YES_ERROR;
				CLANG_WARN_EMPTY_BODY = YES;
				CLANG_WARN_ENUM_CONVERSION = YES;
				CLANG_WARN_INT_CONVERSION = YES;
				CLANG_WARN_OBJC_ROOT_CLASS = YES_ERROR;
				CLANG_WARN_UNREACHABLE_CODE = YES;
				CLANG_WARN__DUPLICATE_METHOD_MATCH = YES;
				"CODE_SIGN_IDENTITY[sdk=iphoneos*]" = "iPhone Developer";
				COPY_PHASE_STRIP = YES;
				ENABLE_NS_ASSERTIONS = NO;
				ENABLE_STRICT_OBJC_MSGSEND = YES;
				GCC_C_LANGUAGE_STANDARD = gnu99;
				GCC_WARN_64_TO_32_BIT_CONVERSION = YES;
				GCC_WARN_ABOUT_RETURN_TYPE = YES_ERROR;
				GCC_WARN_UNDECLARED_SELECTOR = YES;
				GCC_WARN_UNINITIALIZED_AUTOS = YES_AGGRESSIVE;
				GCC_WARN_UNUSED_FUNCTION = YES;
				GCC_WARN_UNUSED_VARIABLE = YES;
				IPHONEOS_DEPLOYMENT_TARGET = 8.0;
				MTL_ENABLE_DEBUG_INFO = NO;
				SDKROOT = iphoneos;
				VALIDATE_PRODUCT = YES;
			};
			name = Release;
		};
		ABC8E8511A1054C20048B71E /* Debug */ = {
			isa = XCBuildConfiguration;
			buildSettings = {
				ASSETCATALOG_COMPILER_APPICON_NAME = AppIcon;
				INFOPLIST_FILE = "Hello World/Info.plist";
				LD_RUNPATH_SEARCH_PATHS = "$(inherited) @executable_path/Frameworks";
				PRODUCT_NAME = "$(TARGET_NAME)";
			};
			name = Debug;
		};
		ABC8E8521A1054C20048B71E /* Release */ = {
			isa = XCBuildConfiguration;
			buildSettings = {
				ASSETCATALOG_COMPILER_APPICON_NAME = AppIcon;
				INFOPLIST_FILE = "Hello World/Info.plist";
				LD_RUNPATH_SEARCH_PATHS = "$(inherited) @executable_path/Frameworks";
				PRODUCT_NAME = "$(TARGET_NAME)";
			};
			name = Release;
		};
		ABC8E8541A1054C20048B71E /* Debug */ = {
			isa = XCBuildConfiguration;
			buildSettings = {
				BUNDLE_LOADER = "$(TEST_HOST)";
				FRAMEWORK_SEARCH_PATHS = (
					"$(SDKROOT)/Developer/Library/Frameworks",
					"$(inherited)",
				);
				GCC_PREPROCESSOR_DEFINITIONS = (
					"DEBUG=1",
					"$(inherited)",
				);
				INFOPLIST_FILE = "Hello WorldTests/Info.plist";
				LD_RUNPATH_SEARCH_PATHS = "$(inherited) @executable_path/Frameworks @loader_path/Frameworks";
				PRODUCT_NAME = "$(TARGET_NAME)";
				TEST_HOST = "$(BUILT_PRODUCTS_DIR)/Hello World.app/Hello World";
			};
			name = Debug;
		};
		ABC8E8551A1054C20048B71E /* Release */ = {
			isa = XCBuildConfiguration;
			buildSettings = {
				BUNDLE_LOADER = "$(TEST_HOST)";
				FRAMEWORK_SEARCH_PATHS = (
					"$(SDKROOT)/Developer/Library/Frameworks",
					"$(inherited)",
				);
				INFOPLIST_FILE = "Hello WorldTests/Info.plist";
				LD_RUNPATH_SEARCH_PATHS = "$(inherited) @executable_path/Frameworks @loader_path/Frameworks";
				PRODUCT_NAME = "$(TARGET_NAME)";
				TEST_HOST = "$(BUILT_PRODUCTS_DIR)/Hello World.app/Hello World";
			};
			name = Release;
		};
/* End XCBuildConfiguration section */

/* Begin XCConfigurationList section */
		ABC8E8281A1054C10048B71E /* Build configuration list for PBXProject "Hello World" */ = {
			isa = XCConfigurationList;
			buildConfigurations = (
				ABC8E84E1A1054C20048B71E /* Debug */,
				ABC8E84F1A1054C20048B71E /* Release */,
			);
			defaultConfigurationIsVisible = 0;
			defaultConfigurationName = Release;
		};
		ABC8E8501A1054C20048B71E /* Build configuration list for PBXNativeTarget "Hello World" */ = {
			isa = XCConfigurationList;
			buildConfigurations = (
				ABC8E8511A1054C20048B71E /* Debug */,
				ABC8E8521A1054C20048B71E /* Release */,
			);
			defaultConfigurationIsVisible = 0;
		};
		ABC8E8531A1054C20048B71E /* Build configuration list for PBXNativeTarget "Hello WorldTests" */ = {
			isa = XCConfigurationList;
			buildConfigurations = (
				ABC8E8541A1054C20048B71E /* Debug */,
				ABC8E8551A1054C20048B71E /* Release */,
			);
			defaultConfigurationIsVisible = 0;
		};
/* End XCConfigurationList section */
	};
	rootObject = ABC8E8251A1054C10048B71E /* Project object */;
}
